// !$*UTF8*$!
{
	archiveVersion = 1;
	classes = {
	};
	objectVersion = 50;
	objects = {

/* Begin PBXBuildFile section */
		D232A4FD240A7C14002D49C8 /* AppDelegate.swift in Sources */ = {isa = PBXBuildFile; fileRef = D232A4FC240A7C14002D49C8 /* AppDelegate.swift */; };
		D232A4FF240A7C14002D49C8 /* SceneDelegate.swift in Sources */ = {isa = PBXBuildFile; fileRef = D232A4FE240A7C14002D49C8 /* SceneDelegate.swift */; };
		D232A501240A7C14002D49C8 /* ViewController.swift in Sources */ = {isa = PBXBuildFile; fileRef = D232A500240A7C14002D49C8 /* ViewController.swift */; };
		D232A504240A7C14002D49C8 /* Main.storyboard in Resources */ = {isa = PBXBuildFile; fileRef = D232A502240A7C14002D49C8 /* Main.storyboard */; };
		D232A506240A7C15002D49C8 /* Assets.xcassets in Resources */ = {isa = PBXBuildFile; fileRef = D232A505240A7C15002D49C8 /* Assets.xcassets */; };
		D232A509240A7C15002D49C8 /* LaunchScreen.storyboard in Resources */ = {isa = PBXBuildFile; fileRef = D232A507240A7C15002D49C8 /* LaunchScreen.storyboard */; };
		D232A514240A7C15002D49C8 /* SwiftUIKitTests.swift in Sources */ = {isa = PBXBuildFile; fileRef = D232A513240A7C15002D49C8 /* SwiftUIKitTests.swift */; };
		D232A520240A7CA8002D49C8 /* ThreeColumns.swift in Sources */ = {isa = PBXBuildFile; fileRef = D232A51F240A7CA8002D49C8 /* ThreeColumns.swift */; };
		D232A522240A7CFE002D49C8 /* VerticalStack.swift in Sources */ = {isa = PBXBuildFile; fileRef = D232A521240A7CFE002D49C8 /* VerticalStack.swift */; };
		D232A524240A7EA2002D49C8 /* Spacer.swift in Sources */ = {isa = PBXBuildFile; fileRef = D232A523240A7EA2002D49C8 /* Spacer.swift */; };
/* End PBXBuildFile section */

/* Begin PBXContainerItemProxy section */
		D232A510240A7C15002D49C8 /* PBXContainerItemProxy */ = {
			isa = PBXContainerItemProxy;
			containerPortal = D232A4F1240A7C14002D49C8 /* Project object */;
			proxyType = 1;
			remoteGlobalIDString = D232A4F8240A7C14002D49C8;
			remoteInfo = SwiftUIKit;
		};
/* End PBXContainerItemProxy section */

/* Begin PBXFileReference section */
		D232A4F9240A7C14002D49C8 /* SwiftUIKit.app */ = {isa = PBXFileReference; explicitFileType = wrapper.application; includeInIndex = 0; path = SwiftUIKit.app; sourceTree = BUILT_PRODUCTS_DIR; };
		D232A4FC240A7C14002D49C8 /* AppDelegate.swift */ = {isa = PBXFileReference; lastKnownFileType = sourcecode.swift; path = AppDelegate.swift; sourceTree = "<group>"; };
		D232A4FE240A7C14002D49C8 /* SceneDelegate.swift */ = {isa = PBXFileReference; lastKnownFileType = sourcecode.swift; path = SceneDelegate.swift; sourceTree = "<group>"; };
		D232A500240A7C14002D49C8 /* ViewController.swift */ = {isa = PBXFileReference; lastKnownFileType = sourcecode.swift; path = ViewController.swift; sourceTree = "<group>"; };
		D232A503240A7C14002D49C8 /* Base */ = {isa = PBXFileReference; lastKnownFileType = file.storyboard; name = Base; path = Base.lproj/Main.storyboard; sourceTree = "<group>"; };
		D232A505240A7C15002D49C8 /* Assets.xcassets */ = {isa = PBXFileReference; lastKnownFileType = folder.assetcatalog; path = Assets.xcassets; sourceTree = "<group>"; };
		D232A508240A7C15002D49C8 /* Base */ = {isa = PBXFileReference; lastKnownFileType = file.storyboard; name = Base; path = Base.lproj/LaunchScreen.storyboard; sourceTree = "<group>"; };
		D232A50A240A7C15002D49C8 /* Info.plist */ = {isa = PBXFileReference; lastKnownFileType = text.plist.xml; path = Info.plist; sourceTree = "<group>"; };
		D232A50F240A7C15002D49C8 /* SwiftUIKitTests.xctest */ = {isa = PBXFileReference; explicitFileType = wrapper.cfbundle; includeInIndex = 0; path = SwiftUIKitTests.xctest; sourceTree = BUILT_PRODUCTS_DIR; };
		D232A513240A7C15002D49C8 /* SwiftUIKitTests.swift */ = {isa = PBXFileReference; lastKnownFileType = sourcecode.swift; path = SwiftUIKitTests.swift; sourceTree = "<group>"; };
		D232A515240A7C15002D49C8 /* Info.plist */ = {isa = PBXFileReference; lastKnownFileType = text.plist.xml; path = Info.plist; sourceTree = "<group>"; };
		D232A51F240A7CA8002D49C8 /* ThreeColumns.swift */ = {isa = PBXFileReference; lastKnownFileType = sourcecode.swift; path = ThreeColumns.swift; sourceTree = "<group>"; };
		D232A521240A7CFE002D49C8 /* VerticalStack.swift */ = {isa = PBXFileReference; lastKnownFileType = sourcecode.swift; path = VerticalStack.swift; sourceTree = "<group>"; };
		D232A523240A7EA2002D49C8 /* Spacer.swift */ = {isa = PBXFileReference; lastKnownFileType = sourcecode.swift; path = Spacer.swift; sourceTree = "<group>"; };
/* End PBXFileReference section */

/* Begin PBXFrameworksBuildPhase section */
		D232A4F6240A7C14002D49C8 /* Frameworks */ = {
			isa = PBXFrameworksBuildPhase;
			buildActionMask = 2147483647;
			files = (
			);
			runOnlyForDeploymentPostprocessing = 0;
		};
		D232A50C240A7C15002D49C8 /* Frameworks */ = {
			isa = PBXFrameworksBuildPhase;
			buildActionMask = 2147483647;
			files = (
			);
			runOnlyForDeploymentPostprocessing = 0;
		};
/* End PBXFrameworksBuildPhase section */

/* Begin PBXGroup section */
		D232A4F0240A7C14002D49C8 = {
			isa = PBXGroup;
			children = (
				D232A51E240A7C1F002D49C8 /* Sources */,
				D232A4FB240A7C14002D49C8 /* SwiftUIKit */,
				D232A512240A7C15002D49C8 /* Tests */,
				D232A4FA240A7C14002D49C8 /* Products */,
			);
			sourceTree = "<group>";
		};
		D232A4FA240A7C14002D49C8 /* Products */ = {
			isa = PBXGroup;
			children = (
				D232A4F9240A7C14002D49C8 /* SwiftUIKit.app */,
				D232A50F240A7C15002D49C8 /* SwiftUIKitTests.xctest */,
			);
			name = Products;
			sourceTree = "<group>";
		};
		D232A4FB240A7C14002D49C8 /* SwiftUIKit */ = {
			isa = PBXGroup;
			children = (
				D232A4FC240A7C14002D49C8 /* AppDelegate.swift */,
				D232A4FE240A7C14002D49C8 /* SceneDelegate.swift */,
				D232A500240A7C14002D49C8 /* ViewController.swift */,
				D232A502240A7C14002D49C8 /* Main.storyboard */,
				D232A505240A7C15002D49C8 /* Assets.xcassets */,
				D232A507240A7C15002D49C8 /* LaunchScreen.storyboard */,
				D232A50A240A7C15002D49C8 /* Info.plist */,
			);
			path = SwiftUIKit;
			sourceTree = "<group>";
		};
		D232A512240A7C15002D49C8 /* Tests */ = {
			isa = PBXGroup;
			children = (
				D232A513240A7C15002D49C8 /* SwiftUIKitTests.swift */,
				D232A515240A7C15002D49C8 /* Info.plist */,
			);
			path = Tests;
			sourceTree = "<group>";
		};
		D232A51E240A7C1F002D49C8 /* Sources */ = {
			isa = PBXGroup;
			children = (
				D232A51F240A7CA8002D49C8 /* ThreeColumns.swift */,
				D232A523240A7EA2002D49C8 /* Spacer.swift */,
				D232A521240A7CFE002D49C8 /* VerticalStack.swift */,
			);
			path = Sources;
			sourceTree = "<group>";
		};
/* End PBXGroup section */

/* Begin PBXNativeTarget section */
		D232A4F8240A7C14002D49C8 /* SwiftUIKit */ = {
			isa = PBXNativeTarget;
			buildConfigurationList = D232A518240A7C15002D49C8 /* Build configuration list for PBXNativeTarget "SwiftUIKit" */;
			buildPhases = (
				D232A4F5240A7C14002D49C8 /* Sources */,
				D232A4F6240A7C14002D49C8 /* Frameworks */,
				D232A4F7240A7C14002D49C8 /* Resources */,
			);
			buildRules = (
			);
			dependencies = (
			);
			name = SwiftUIKit;
			productName = SwiftUIKit;
			productReference = D232A4F9240A7C14002D49C8 /* SwiftUIKit.app */;
			productType = "com.apple.product-type.application";
		};
		D232A50E240A7C15002D49C8 /* SwiftUIKitTests */ = {
			isa = PBXNativeTarget;
			buildConfigurationList = D232A51B240A7C15002D49C8 /* Build configuration list for PBXNativeTarget "SwiftUIKitTests" */;
			buildPhases = (
				D232A50B240A7C15002D49C8 /* Sources */,
				D232A50C240A7C15002D49C8 /* Frameworks */,
				D232A50D240A7C15002D49C8 /* Resources */,
			);
			buildRules = (
			);
			dependencies = (
				D232A511240A7C15002D49C8 /* PBXTargetDependency */,
			);
			name = SwiftUIKitTests;
			productName = SwiftUIKitTests;
			productReference = D232A50F240A7C15002D49C8 /* SwiftUIKitTests.xctest */;
			productType = "com.apple.product-type.bundle.unit-test";
		};
/* End PBXNativeTarget section */

/* Begin PBXProject section */
		D232A4F1240A7C14002D49C8 /* Project object */ = {
			isa = PBXProject;
			attributes = {
				LastSwiftUpdateCheck = 1130;
				LastUpgradeCheck = 1130;
				ORGANIZATIONNAME = DaBazar;
				TargetAttributes = {
					D232A4F8240A7C14002D49C8 = {
						CreatedOnToolsVersion = 11.3;
					};
					D232A50E240A7C15002D49C8 = {
						CreatedOnToolsVersion = 11.3;
						TestTargetID = D232A4F8240A7C14002D49C8;
					};
				};
			};
			buildConfigurationList = D232A4F4240A7C14002D49C8 /* Build configuration list for PBXProject "SwiftUIKit" */;
			compatibilityVersion = "Xcode 9.3";
			developmentRegion = en;
			hasScannedForEncodings = 0;
			knownRegions = (
				en,
				Base,
			);
			mainGroup = D232A4F0240A7C14002D49C8;
			productRefGroup = D232A4FA240A7C14002D49C8 /* Products */;
			projectDirPath = "";
			projectRoot = "";
			targets = (
				D232A4F8240A7C14002D49C8 /* SwiftUIKit */,
				D232A50E240A7C15002D49C8 /* SwiftUIKitTests */,
			);
		};
/* End PBXProject section */

/* Begin PBXResourcesBuildPhase section */
		D232A4F7240A7C14002D49C8 /* Resources */ = {
			isa = PBXResourcesBuildPhase;
			buildActionMask = 2147483647;
			files = (
				D232A509240A7C15002D49C8 /* LaunchScreen.storyboard in Resources */,
				D232A506240A7C15002D49C8 /* Assets.xcassets in Resources */,
				D232A504240A7C14002D49C8 /* Main.storyboard in Resources */,
			);
			runOnlyForDeploymentPostprocessing = 0;
		};
		D232A50D240A7C15002D49C8 /* Resources */ = {
			isa = PBXResourcesBuildPhase;
			buildActionMask = 2147483647;
			files = (
			);
			runOnlyForDeploymentPostprocessing = 0;
		};
/* End PBXResourcesBuildPhase section */

/* Begin PBXSourcesBuildPhase section */
		D232A4F5240A7C14002D49C8 /* Sources */ = {
			isa = PBXSourcesBuildPhase;
			buildActionMask = 2147483647;
			files = (
				D232A501240A7C14002D49C8 /* ViewController.swift in Sources */,
				D232A524240A7EA2002D49C8 /* Spacer.swift in Sources */,
				D232A522240A7CFE002D49C8 /* VerticalStack.swift in Sources */,
				D232A4FD240A7C14002D49C8 /* AppDelegate.swift in Sources */,
				D232A520240A7CA8002D49C8 /* ThreeColumns.swift in Sources */,
				D232A4FF240A7C14002D49C8 /* SceneDelegate.swift in Sources */,
			);
			runOnlyForDeploymentPostprocessing = 0;
		};
		D232A50B240A7C15002D49C8 /* Sources */ = {
			isa = PBXSourcesBuildPhase;
			buildActionMask = 2147483647;
			files = (
				D232A514240A7C15002D49C8 /* SwiftUIKitTests.swift in Sources */,
			);
			runOnlyForDeploymentPostprocessing = 0;
		};
/* End PBXSourcesBuildPhase section */

/* Begin PBXTargetDependency section */
		D232A511240A7C15002D49C8 /* PBXTargetDependency */ = {
			isa = PBXTargetDependency;
			target = D232A4F8240A7C14002D49C8 /* SwiftUIKit */;
			targetProxy = D232A510240A7C15002D49C8 /* PBXContainerItemProxy */;
		};
/* End PBXTargetDependency section */

/* Begin PBXVariantGroup section */
		D232A502240A7C14002D49C8 /* Main.storyboard */ = {
			isa = PBXVariantGroup;
			children = (
				D232A503240A7C14002D49C8 /* Base */,
			);
			name = Main.storyboard;
			sourceTree = "<group>";
		};
		D232A507240A7C15002D49C8 /* LaunchScreen.storyboard */ = {
			isa = PBXVariantGroup;
			children = (
				D232A508240A7C15002D49C8 /* Base */,
			);
			name = LaunchScreen.storyboard;
			sourceTree = "<group>";
		};
/* End PBXVariantGroup section */

/* Begin XCBuildConfiguration section */
		D232A516240A7C15002D49C8 /* Debug */ = {
			isa = XCBuildConfiguration;
			buildSettings = {
				ALWAYS_SEARCH_USER_PATHS = NO;
				CLANG_ANALYZER_NONNULL = YES;
				CLANG_ANALYZER_NUMBER_OBJECT_CONVERSION = YES_AGGRESSIVE;
				CLANG_CXX_LANGUAGE_STANDARD = "gnu++14";
				CLANG_CXX_LIBRARY = "libc++";
				CLANG_ENABLE_MODULES = YES;
				CLANG_ENABLE_OBJC_ARC = YES;
				CLANG_ENABLE_OBJC_WEAK = YES;
				CLANG_WARN_BLOCK_CAPTURE_AUTORELEASING = YES;
				CLANG_WARN_BOOL_CONVERSION = YES;
				CLANG_WARN_COMMA = YES;
				CLANG_WARN_CONSTANT_CONVERSION = YES;
				CLANG_WARN_DEPRECATED_OBJC_IMPLEMENTATIONS = YES;
				CLANG_WARN_DIRECT_OBJC_ISA_USAGE = YES_ERROR;
				CLANG_WARN_DOCUMENTATION_COMMENTS = YES;
				CLANG_WARN_EMPTY_BODY = YES;
				CLANG_WARN_ENUM_CONVERSION = YES;
				CLANG_WARN_INFINITE_RECURSION = YES;
				CLANG_WARN_INT_CONVERSION = YES;
				CLANG_WARN_NON_LITERAL_NULL_CONVERSION = YES;
				CLANG_WARN_OBJC_IMPLICIT_RETAIN_SELF = YES;
				CLANG_WARN_OBJC_LITERAL_CONVERSION = YES;
				CLANG_WARN_OBJC_ROOT_CLASS = YES_ERROR;
				CLANG_WARN_RANGE_LOOP_ANALYSIS = YES;
				CLANG_WARN_STRICT_PROTOTYPES = YES;
				CLANG_WARN_SUSPICIOUS_MOVE = YES;
				CLANG_WARN_UNGUARDED_AVAILABILITY = YES_AGGRESSIVE;
				CLANG_WARN_UNREACHABLE_CODE = YES;
				CLANG_WARN__DUPLICATE_METHOD_MATCH = YES;
				COPY_PHASE_STRIP = NO;
				DEBUG_INFORMATION_FORMAT = dwarf;
				ENABLE_STRICT_OBJC_MSGSEND = YES;
				ENABLE_TESTABILITY = YES;
				GCC_C_LANGUAGE_STANDARD = gnu11;
				GCC_DYNAMIC_NO_PIC = NO;
				GCC_NO_COMMON_BLOCKS = YES;
				GCC_OPTIMIZATION_LEVEL = 0;
				GCC_PREPROCESSOR_DEFINITIONS = (
					"DEBUG=1",
					"$(inherited)",
				);
				GCC_WARN_64_TO_32_BIT_CONVERSION = YES;
				GCC_WARN_ABOUT_RETURN_TYPE = YES_ERROR;
				GCC_WARN_UNDECLARED_SELECTOR = YES;
				GCC_WARN_UNINITIALIZED_AUTOS = YES_AGGRESSIVE;
				GCC_WARN_UNUSED_FUNCTION = YES;
				GCC_WARN_UNUSED_VARIABLE = YES;
				IPHONEOS_DEPLOYMENT_TARGET = 13.2;
				MTL_ENABLE_DEBUG_INFO = INCLUDE_SOURCE;
				MTL_FAST_MATH = YES;
				ONLY_ACTIVE_ARCH = YES;
				SDKROOT = iphoneos;
				SWIFT_ACTIVE_COMPILATION_CONDITIONS = DEBUG;
				SWIFT_OPTIMIZATION_LEVEL = "-Onone";
			};
			name = Debug;
		};
		D232A517240A7C15002D49C8 /* Release */ = {
			isa = XCBuildConfiguration;
			buildSettings = {
				ALWAYS_SEARCH_USER_PATHS = NO;
				CLANG_ANALYZER_NONNULL = YES;
				CLANG_ANALYZER_NUMBER_OBJECT_CONVERSION = YES_AGGRESSIVE;
				CLANG_CXX_LANGUAGE_STANDARD = "gnu++14";
				CLANG_CXX_LIBRARY = "libc++";
				CLANG_ENABLE_MODULES = YES;
				CLANG_ENABLE_OBJC_ARC = YES;
				CLANG_ENABLE_OBJC_WEAK = YES;
				CLANG_WARN_BLOCK_CAPTURE_AUTORELEASING = YES;
				CLANG_WARN_BOOL_CONVERSION = YES;
				CLANG_WARN_COMMA = YES;
				CLANG_WARN_CONSTANT_CONVERSION = YES;
				CLANG_WARN_DEPRECATED_OBJC_IMPLEMENTATIONS = YES;
				CLANG_WARN_DIRECT_OBJC_ISA_USAGE = YES_ERROR;
				CLANG_WARN_DOCUMENTATION_COMMENTS = YES;
				CLANG_WARN_EMPTY_BODY = YES;
				CLANG_WARN_ENUM_CONVERSION = YES;
				CLANG_WARN_INFINITE_RECURSION = YES;
				CLANG_WARN_INT_CONVERSION = YES;
				CLANG_WARN_NON_LITERAL_NULL_CONVERSION = YES;
				CLANG_WARN_OBJC_IMPLICIT_RETAIN_SELF = YES;
				CLANG_WARN_OBJC_LITERAL_CONVERSION = YES;
				CLANG_WARN_OBJC_ROOT_CLASS = YES_ERROR;
				CLANG_WARN_RANGE_LOOP_ANALYSIS = YES;
				CLANG_WARN_STRICT_PROTOTYPES = YES;
				CLANG_WARN_SUSPICIOUS_MOVE = YES;
				CLANG_WARN_UNGUARDED_AVAILABILITY = YES_AGGRESSIVE;
				CLANG_WARN_UNREACHABLE_CODE = YES;
				CLANG_WARN__DUPLICATE_METHOD_MATCH = YES;
				COPY_PHASE_STRIP = NO;
				DEBUG_INFORMATION_FORMAT = "dwarf-with-dsym";
				ENABLE_NS_ASSERTIONS = NO;
				ENABLE_STRICT_OBJC_MSGSEND = YES;
				GCC_C_LANGUAGE_STANDARD = gnu11;
				GCC_NO_COMMON_BLOCKS = YES;
				GCC_WARN_64_TO_32_BIT_CONVERSION = YES;
				GCC_WARN_ABOUT_RETURN_TYPE = YES_ERROR;
				GCC_WARN_UNDECLARED_SELECTOR = YES;
				GCC_WARN_UNINITIALIZED_AUTOS = YES_AGGRESSIVE;
				GCC_WARN_UNUSED_FUNCTION = YES;
				GCC_WARN_UNUSED_VARIABLE = YES;
				IPHONEOS_DEPLOYMENT_TARGET = 13.2;
				MTL_ENABLE_DEBUG_INFO = NO;
				MTL_FAST_MATH = YES;
				SDKROOT = iphoneos;
				SWIFT_COMPILATION_MODE = wholemodule;
				SWIFT_OPTIMIZATION_LEVEL = "-O";
				VALIDATE_PRODUCT = YES;
			};
			name = Release;
		};
		D232A519240A7C15002D49C8 /* Debug */ = {
			isa = XCBuildConfiguration;
			buildSettings = {
				ASSETCATALOG_COMPILER_APPICON_NAME = AppIcon;
				CODE_SIGN_STYLE = Automatic;
				INFOPLIST_FILE = SwiftUIKit/Info.plist;
				LD_RUNPATH_SEARCH_PATHS = (
					"$(inherited)",
					"@executable_path/Frameworks",
				);
				PRODUCT_BUNDLE_IDENTIFIER = im.mks.SwiftUIKit;
				PRODUCT_NAME = "$(TARGET_NAME)";
				SWIFT_VERSION = 5.0;
				TARGETED_DEVICE_FAMILY = "1,2";
			};
			name = Debug;
		};
		D232A51A240A7C15002D49C8 /* Release */ = {
			isa = XCBuildConfiguration;
			buildSettings = {
				ASSETCATALOG_COMPILER_APPICON_NAME = AppIcon;
				CODE_SIGN_STYLE = Automatic;
				INFOPLIST_FILE = SwiftUIKit/Info.plist;
				LD_RUNPATH_SEARCH_PATHS = (
					"$(inherited)",
					"@executable_path/Frameworks",
				);
				PRODUCT_BUNDLE_IDENTIFIER = im.mks.SwiftUIKit;
				PRODUCT_NAME = "$(TARGET_NAME)";
				SWIFT_VERSION = 5.0;
				TARGETED_DEVICE_FAMILY = "1,2";
			};
			name = Release;
		};
		D232A51C240A7C15002D49C8 /* Debug */ = {
			isa = XCBuildConfiguration;
			buildSettings = {
				ALWAYS_EMBED_SWIFT_STANDARD_LIBRARIES = YES;
				BUNDLE_LOADER = "$(TEST_HOST)";
				CODE_SIGN_STYLE = Automatic;
				INFOPLIST_FILE = Tests/Info.plist;
				IPHONEOS_DEPLOYMENT_TARGET = 13.2;
				LD_RUNPATH_SEARCH_PATHS = (
					"$(inherited)",
					"@executable_path/Frameworks",
					"@loader_path/Frameworks",
				);
				PRODUCT_BUNDLE_IDENTIFIER = im.mks.SwiftUIKitTests;
				PRODUCT_NAME = "$(TARGET_NAME)";
				SWIFT_VERSION = 5.0;
				TARGETED_DEVICE_FAMILY = "1,2";
				TEST_HOST = "$(BUILT_PRODUCTS_DIR)/SwiftUIKit.app/SwiftUIKit";
			};
			name = Debug;
		};
		D232A51D240A7C15002D49C8 /* Release */ = {
			isa = XCBuildConfiguration;
			buildSettings = {
				ALWAYS_EMBED_SWIFT_STANDARD_LIBRARIES = YES;
				BUNDLE_LOADER = "$(TEST_HOST)";
				CODE_SIGN_STYLE = Automatic;
				INFOPLIST_FILE = Tests/Info.plist;
				IPHONEOS_DEPLOYMENT_TARGET = 13.2;
				LD_RUNPATH_SEARCH_PATHS = (
					"$(inherited)",
					"@executable_path/Frameworks",
					"@loader_path/Frameworks",
				);
				PRODUCT_BUNDLE_IDENTIFIER = im.mks.SwiftUIKitTests;
				PRODUCT_NAME = "$(TARGET_NAME)";
				SWIFT_VERSION = 5.0;
				TARGETED_DEVICE_FAMILY = "1,2";
				TEST_HOST = "$(BUILT_PRODUCTS_DIR)/SwiftUIKit.app/SwiftUIKit";
			};
			name = Release;
		};
/* End XCBuildConfiguration section */

/* Begin XCConfigurationList section */
		D232A4F4240A7C14002D49C8 /* Build configuration list for PBXProject "SwiftUIKit" */ = {
			isa = XCConfigurationList;
			buildConfigurations = (
				D232A516240A7C15002D49C8 /* Debug */,
				D232A517240A7C15002D49C8 /* Release */,
			);
			defaultConfigurationIsVisible = 0;
			defaultConfigurationName = Release;
		};
		D232A518240A7C15002D49C8 /* Build configuration list for PBXNativeTarget "SwiftUIKit" */ = {
			isa = XCConfigurationList;
			buildConfigurations = (
				D232A519240A7C15002D49C8 /* Debug */,
				D232A51A240A7C15002D49C8 /* Release */,
			);
			defaultConfigurationIsVisible = 0;
			defaultConfigurationName = Release;
		};
		D232A51B240A7C15002D49C8 /* Build configuration list for PBXNativeTarget "SwiftUIKitTests" */ = {
			isa = XCConfigurationList;
			buildConfigurations = (
				D232A51C240A7C15002D49C8 /* Debug */,
				D232A51D240A7C15002D49C8 /* Release */,
			);
			defaultConfigurationIsVisible = 0;
			defaultConfigurationName = Release;
		};
/* End XCConfigurationList section */
	};
	rootObject = D232A4F1240A7C14002D49C8 /* Project object */;
}
